# This file is autogenerated, do not edit; changes may be undone by the next 'dep ensure'.


[[projects]]
  branch = "master"
  digest = "1:94ba979eebedc202259f4e88625ff2ebc2e0af182a350b3757b532f8e96ceaa5"
  name = "github.com/phalaaxx/milter"
  packages = ["."]
  pruneopts = "UT"
  revision = "de330134690c40a1cc10cc2c07cfa3c9f8ea0644"

[solve-meta]
  analyzer-name = "dep"
  analyzer-version = 1
  input-imports = ["github.com/phalaaxx/milter"]
  solver-name = "gps-cdcl"
  solver-version = 1
